
Microsoft Visual Studio Solution File, Format Version 11.00
# Visual Studio 2010
Project("{FAE04EC0-301F-11D3-BF4B-00C04F79EFBC}") = "PubNub-Messaging", "PubNub-Messaging\PubNub-Messaging.csproj", "{ADF96701-4B7C-46F3-9899-9A97ECAC6F33}"
EndProject
Global
	GlobalSection(SolutionConfigurationPlatforms) = preSolution
		Debug|x86 = Debug|x86
		Release|x86 = Release|x86
		AppStore|x86 = AppStore|x86
	EndGlobalSection
	GlobalSection(ProjectConfigurationPlatforms) = postSolution
		{ADF96701-4B7C-46F3-9899-9A97ECAC6F33}.AppStore|x86.ActiveCfg = AppStore|x86
		{ADF96701-4B7C-46F3-9899-9A97ECAC6F33}.AppStore|x86.Build.0 = AppStore|x86
		{ADF96701-4B7C-46F3-9899-9A97ECAC6F33}.Debug|x86.ActiveCfg = Debug|x86
		{ADF96701-4B7C-46F3-9899-9A97ECAC6F33}.Debug|x86.Build.0 = Debug|x86
		{ADF96701-4B7C-46F3-9899-9A97ECAC6F33}.Release|x86.ActiveCfg = Release|x86
		{ADF96701-4B7C-46F3-9899-9A97ECAC6F33}.Release|x86.Build.0 = Release|x86
	EndGlobalSection
	GlobalSection(MonoDevelopProperties) = preSolution
		StartupItem = PubNub-Messaging\PubNub-Messaging.csproj
	EndGlobalSection
EndGlobal
